// !$*UTF8*$!
{
	archiveVersion = 1;
	classes = {
	};
	objectVersion = 77;
	objects = {

/* Begin PBXContainerItemProxy section */
		D681721F2D1764E3000DFE84 /* PBXContainerItemProxy */ = {
			isa = PBXContainerItemProxy;
			containerPortal = D68172062D1764E1000DFE84 /* Project object */;
			proxyType = 1;
			remoteGlobalIDString = D681720D2D1764E1000DFE84;
			remoteInfo = ChristmasTV;
		};
		D68172292D1764E3000DFE84 /* PBXContainerItemProxy */ = {
			isa = PBXContainerItemProxy;
			containerPortal = D68172062D1764E1000DFE84 /* Project object */;
			proxyType = 1;
			remoteGlobalIDString = D681720D2D1764E1000DFE84;
			remoteInfo = ChristmasTV;
		};
/* End PBXContainerItemProxy section */

/* Begin PBXFileReference section */
		D681720E2D1764E1000DFE84 /* ChristmasTV.app */ = {isa = PBXFileReference; explicitFileType = wrapper.application; includeInIndex = 0; path = ChristmasTV.app; sourceTree = BUILT_PRODUCTS_DIR; };
		D681721E2D1764E3000DFE84 /* ChristmasTVTests.xctest */ = {isa = PBXFileReference; explicitFileType = wrapper.cfbundle; includeInIndex = 0; path = ChristmasTVTests.xctest; sourceTree = BUILT_PRODUCTS_DIR; };
		D68172282D1764E3000DFE84 /* ChristmasTVUITests.xctest */ = {isa = PBXFileReference; explicitFileType = wrapper.cfbundle; includeInIndex = 0; path = ChristmasTVUITests.xctest; sourceTree = BUILT_PRODUCTS_DIR; };
/* End PBXFileReference section */

/* Begin PBXFileSystemSynchronizedBuildFileExceptionSet section */
		D69824492D183E99000472F9 /* Exceptions for "ChristmasTV" folder in "ChristmasTV" target */ = {
			isa = PBXFileSystemSynchronizedBuildFileExceptionSet;
			membershipExceptions = (
				Model/Model.swift,
			);
			target = D681720D2D1764E1000DFE84 /* ChristmasTV */;
		};
/* End PBXFileSystemSynchronizedBuildFileExceptionSet section */

/* Begin PBXFileSystemSynchronizedRootGroup section */
		D68172102D1764E1000DFE84 /* ChristmasTV */ = {
			isa = PBXFileSystemSynchronizedRootGroup;
			exceptions = (
				D69824492D183E99000472F9 /* Exceptions for "ChristmasTV" folder in "ChristmasTV" target */,
			);
			path = ChristmasTV;
			sourceTree = "<group>";
		};
		D68172212D1764E3000DFE84 /* ChristmasTVTests */ = {
			isa = PBXFileSystemSynchronizedRootGroup;
			path = ChristmasTVTests;
			sourceTree = "<group>";
		};
		D681722B2D1764E3000DFE84 /* ChristmasTVUITests */ = {
			isa = PBXFileSystemSynchronizedRootGroup;
			path = ChristmasTVUITests;
			sourceTree = "<group>";
		};
/* End PBXFileSystemSynchronizedRootGroup section */

/* Begin PBXFrameworksBuildPhase section */
		D681720B2D1764E1000DFE84 /* Frameworks */ = {
			isa = PBXFrameworksBuildPhase;
			buildActionMask = 2147483647;
			files = (
			);
			runOnlyForDeploymentPostprocessing = 0;
		};
		D681721B2D1764E3000DFE84 /* Frameworks */ = {
			isa = PBXFrameworksBuildPhase;
			buildActionMask = 2147483647;
			files = (
			);
			runOnlyForDeploymentPostprocessing = 0;
		};
		D68172252D1764E3000DFE84 /* Frameworks */ = {
			isa = PBXFrameworksBuildPhase;
			buildActionMask = 2147483647;
			files = (
			);
			runOnlyForDeploymentPostprocessing = 0;
		};
/* End PBXFrameworksBuildPhase section */

/* Begin PBXGroup section */
		D68172052D1764E1000DFE84 = {
			isa = PBXGroup;
			children = (
				D68172102D1764E1000DFE84 /* ChristmasTV */,
				D68172212D1764E3000DFE84 /* ChristmasTVTests */,
				D681722B2D1764E3000DFE84 /* ChristmasTVUITests */,
				D681720F2D1764E1000DFE84 /* Products */,
			);
			sourceTree = "<group>";
		};
		D681720F2D1764E1000DFE84 /* Products */ = {
			isa = PBXGroup;
			children = (
				D681720E2D1764E1000DFE84 /* ChristmasTV.app */,
				D681721E2D1764E3000DFE84 /* ChristmasTVTests.xctest */,
				D68172282D1764E3000DFE84 /* ChristmasTVUITests.xctest */,
			);
			name = Products;
			sourceTree = "<group>";
		};
/* End PBXGroup section */

/* Begin PBXNativeTarget section */
		D681720D2D1764E1000DFE84 /* ChristmasTV */ = {
			isa = PBXNativeTarget;
			buildConfigurationList = D68172322D1764E3000DFE84 /* Build configuration list for PBXNativeTarget "ChristmasTV" */;
			buildPhases = (
				D681720A2D1764E1000DFE84 /* Sources */,
				D681720B2D1764E1000DFE84 /* Frameworks */,
				D681720C2D1764E1000DFE84 /* Resources */,
			);
			buildRules = (
			);
			dependencies = (
			);
			fileSystemSynchronizedGroups = (
				D68172102D1764E1000DFE84 /* ChristmasTV */,
			);
			name = ChristmasTV;
			packageProductDependencies = (
			);
			productName = ChristmasTV;
			productReference = D681720E2D1764E1000DFE84 /* ChristmasTV.app */;
			productType = "com.apple.product-type.application";
		};
		D681721D2D1764E3000DFE84 /* ChristmasTVTests */ = {
			isa = PBXNativeTarget;
			buildConfigurationList = D68172352D1764E3000DFE84 /* Build configuration list for PBXNativeTarget "ChristmasTVTests" */;
			buildPhases = (
				D681721A2D1764E3000DFE84 /* Sources */,
				D681721B2D1764E3000DFE84 /* Frameworks */,
				D681721C2D1764E3000DFE84 /* Resources */,
			);
			buildRules = (
			);
			dependencies = (
				D68172202D1764E3000DFE84 /* PBXTargetDependency */,
			);
			fileSystemSynchronizedGroups = (
				D68172212D1764E3000DFE84 /* ChristmasTVTests */,
			);
			name = ChristmasTVTests;
			packageProductDependencies = (
			);
			productName = ChristmasTVTests;
			productReference = D681721E2D1764E3000DFE84 /* ChristmasTVTests.xctest */;
			productType = "com.apple.product-type.bundle.unit-test";
		};
		D68172272D1764E3000DFE84 /* ChristmasTVUITests */ = {
			isa = PBXNativeTarget;
			buildConfigurationList = D68172382D1764E3000DFE84 /* Build configuration list for PBXNativeTarget "ChristmasTVUITests" */;
			buildPhases = (
				D68172242D1764E3000DFE84 /* Sources */,
				D68172252D1764E3000DFE84 /* Frameworks */,
				D68172262D1764E3000DFE84 /* Resources */,
			);
			buildRules = (
			);
			dependencies = (
				D681722A2D1764E3000DFE84 /* PBXTargetDependency */,
			);
			fileSystemSynchronizedGroups = (
				D681722B2D1764E3000DFE84 /* ChristmasTVUITests */,
			);
			name = ChristmasTVUITests;
			packageProductDependencies = (
			);
			productName = ChristmasTVUITests;
			productReference = D68172282D1764E3000DFE84 /* ChristmasTVUITests.xctest */;
			productType = "com.apple.product-type.bundle.ui-testing";
		};
/* End PBXNativeTarget section */

/* Begin PBXProject section */
		D68172062D1764E1000DFE84 /* Project object */ = {
			isa = PBXProject;
			attributes = {
				BuildIndependentTargetsInParallel = 1;
				LastSwiftUpdateCheck = 1610;
				LastUpgradeCheck = 1610;
				TargetAttributes = {
					D681720D2D1764E1000DFE84 = {
						CreatedOnToolsVersion = 16.1;
					};
					D681721D2D1764E3000DFE84 = {
						CreatedOnToolsVersion = 16.1;
						TestTargetID = D681720D2D1764E1000DFE84;
					};
					D68172272D1764E3000DFE84 = {
						CreatedOnToolsVersion = 16.1;
						TestTargetID = D681720D2D1764E1000DFE84;
					};
				};
			};
			buildConfigurationList = D68172092D1764E1000DFE84 /* Build configuration list for PBXProject "ChristmasTV" */;
			developmentRegion = en;
			hasScannedForEncodings = 0;
			knownRegions = (
				en,
				Base,
			);
			mainGroup = D68172052D1764E1000DFE84;
			minimizedProjectReferenceProxies = 1;
			preferredProjectObjectVersion = 77;
			productRefGroup = D681720F2D1764E1000DFE84 /* Products */;
			projectDirPath = "";
			projectRoot = "";
			targets = (
				D681720D2D1764E1000DFE84 /* ChristmasTV */,
				D681721D2D1764E3000DFE84 /* ChristmasTVTests */,
				D68172272D1764E3000DFE84 /* ChristmasTVUITests */,
			);
		};
/* End PBXProject section */

/* Begin PBXResourcesBuildPhase section */
		D681720C2D1764E1000DFE84 /* Resources */ = {
			isa = PBXResourcesBuildPhase;
			buildActionMask = 2147483647;
			files = (
			);
			runOnlyForDeploymentPostprocessing = 0;
		};
		D681721C2D1764E3000DFE84 /* Resources */ = {
			isa = PBXResourcesBuildPhase;
			buildActionMask = 2147483647;
			files = (
			);
			runOnlyForDeploymentPostprocessing = 0;
		};
		D68172262D1764E3000DFE84 /* Resources */ = {
			isa = PBXResourcesBuildPhase;
			buildActionMask = 2147483647;
			files = (
			);
			runOnlyForDeploymentPostprocessing = 0;
		};
/* End PBXResourcesBuildPhase section */

/* Begin PBXSourcesBuildPhase section */
		D681720A2D1764E1000DFE84 /* Sources */ = {
			isa = PBXSourcesBuildPhase;
			buildActionMask = 2147483647;
			files = (
			);
			runOnlyForDeploymentPostprocessing = 0;
		};
		D681721A2D1764E3000DFE84 /* Sources */ = {
			isa = PBXSourcesBuildPhase;
			buildActionMask = 2147483647;
			files = (
			);
			runOnlyForDeploymentPostprocessing = 0;
		};
		D68172242D1764E3000DFE84 /* Sources */ = {
			isa = PBXSourcesBuildPhase;
			buildActionMask = 2147483647;
			files = (
			);
			runOnlyForDeploymentPostprocessing = 0;
		};
/* End PBXSourcesBuildPhase section */

/* Begin PBXTargetDependency section */
		D68172202D1764E3000DFE84 /* PBXTargetDependency */ = {
			isa = PBXTargetDependency;
			target = D681720D2D1764E1000DFE84 /* ChristmasTV */;
			targetProxy = D681721F2D1764E3000DFE84 /* PBXContainerItemProxy */;
		};
		D681722A2D1764E3000DFE84 /* PBXTargetDependency */ = {
			isa = PBXTargetDependency;
			target = D681720D2D1764E1000DFE84 /* ChristmasTV */;
			targetProxy = D68172292D1764E3000DFE84 /* PBXContainerItemProxy */;
		};
/* End PBXTargetDependency section */

/* Begin XCBuildConfiguration section */
		D68172302D1764E3000DFE84 /* Debug */ = {
			isa = XCBuildConfiguration;
			buildSettings = {
				ALWAYS_SEARCH_USER_PATHS = NO;
				ASSETCATALOG_COMPILER_GENERATE_SWIFT_ASSET_SYMBOL_EXTENSIONS = YES;
				CLANG_ANALYZER_NONNULL = YES;
				CLANG_ANALYZER_NUMBER_OBJECT_CONVERSION = YES_AGGRESSIVE;
				CLANG_CXX_LANGUAGE_STANDARD = "gnu++20";
				CLANG_ENABLE_MODULES = YES;
				CLANG_ENABLE_OBJC_ARC = YES;
				CLANG_ENABLE_OBJC_WEAK = YES;
				CLANG_WARN_BLOCK_CAPTURE_AUTORELEASING = YES;
				CLANG_WARN_BOOL_CONVERSION = YES;
				CLANG_WARN_COMMA = YES;
				CLANG_WARN_CONSTANT_CONVERSION = YES;
				CLANG_WARN_DEPRECATED_OBJC_IMPLEMENTATIONS = YES;
				CLANG_WARN_DIRECT_OBJC_ISA_USAGE = YES_ERROR;
				CLANG_WARN_DOCUMENTATION_COMMENTS = YES;
				CLANG_WARN_EMPTY_BODY = YES;
				CLANG_WARN_ENUM_CONVERSION = YES;
				CLANG_WARN_INFINITE_RECURSION = YES;
				CLANG_WARN_INT_CONVERSION = YES;
				CLANG_WARN_NON_LITERAL_NULL_CONVERSION = YES;
				CLANG_WARN_OBJC_IMPLICIT_RETAIN_SELF = YES;
				CLANG_WARN_OBJC_LITERAL_CONVERSION = YES;
				CLANG_WARN_OBJC_ROOT_CLASS = YES_ERROR;
				CLANG_WARN_QUOTED_INCLUDE_IN_FRAMEWORK_HEADER = YES;
				CLANG_WARN_RANGE_LOOP_ANALYSIS = YES;
				CLANG_WARN_STRICT_PROTOTYPES = YES;
				CLANG_WARN_SUSPICIOUS_MOVE = YES;
				CLANG_WARN_UNGUARDED_AVAILABILITY = YES_AGGRESSIVE;
				CLANG_WARN_UNREACHABLE_CODE = YES;
				CLANG_WARN__DUPLICATE_METHOD_MATCH = YES;
				COPY_PHASE_STRIP = NO;
				DEBUG_INFORMATION_FORMAT = dwarf;
				ENABLE_STRICT_OBJC_MSGSEND = YES;
				ENABLE_TESTABILITY = YES;
				ENABLE_USER_SCRIPT_SANDBOXING = YES;
				GCC_C_LANGUAGE_STANDARD = gnu17;
				GCC_DYNAMIC_NO_PIC = NO;
				GCC_NO_COMMON_BLOCKS = YES;
				GCC_OPTIMIZATION_LEVEL = 0;
				GCC_PREPROCESSOR_DEFINITIONS = (
					"DEBUG=1",
					"$(inherited)",
				);
				GCC_WARN_64_TO_32_BIT_CONVERSION = YES;
				GCC_WARN_ABOUT_RETURN_TYPE = YES_ERROR;
				GCC_WARN_UNDECLARED_SELECTOR = YES;
				GCC_WARN_UNINITIALIZED_AUTOS = YES_AGGRESSIVE;
				GCC_WARN_UNUSED_FUNCTION = YES;
				GCC_WARN_UNUSED_VARIABLE = YES;
				LOCALIZATION_PREFERS_STRING_CATALOGS = YES;
				MTL_ENABLE_DEBUG_INFO = INCLUDE_SOURCE;
				MTL_FAST_MATH = YES;
				ONLY_ACTIVE_ARCH = YES;
				SDKROOT = appletvos;
				SWIFT_ACTIVE_COMPILATION_CONDITIONS = "DEBUG $(inherited)";
				SWIFT_OPTIMIZATION_LEVEL = "-Onone";
				TVOS_DEPLOYMENT_TARGET = 18.1;
			};
			name = Debug;
		};
		D68172312D1764E3000DFE84 /* Release */ = {
			isa = XCBuildConfiguration;
			buildSettings = {
				ALWAYS_SEARCH_USER_PATHS = NO;
				ASSETCATALOG_COMPILER_GENERATE_SWIFT_ASSET_SYMBOL_EXTENSIONS = YES;
				CLANG_ANALYZER_NONNULL = YES;
				CLANG_ANALYZER_NUMBER_OBJECT_CONVERSION = YES_AGGRESSIVE;
				CLANG_CXX_LANGUAGE_STANDARD = "gnu++20";
				CLANG_ENABLE_MODULES = YES;
				CLANG_ENABLE_OBJC_ARC = YES;
				CLANG_ENABLE_OBJC_WEAK = YES;
				CLANG_WARN_BLOCK_CAPTURE_AUTORELEASING = YES;
				CLANG_WARN_BOOL_CONVERSION = YES;
				CLANG_WARN_COMMA = YES;
				CLANG_WARN_CONSTANT_CONVERSION = YES;
				CLANG_WARN_DEPRECATED_OBJC_IMPLEMENTATIONS = YES;
				CLANG_WARN_DIRECT_OBJC_ISA_USAGE = YES_ERROR;
				CLANG_WARN_DOCUMENTATION_COMMENTS = YES;
				CLANG_WARN_EMPTY_BODY = YES;
				CLANG_WARN_ENUM_CONVERSION = YES;
				CLANG_WARN_INFINITE_RECURSION = YES;
				CLANG_WARN_INT_CONVERSION = YES;
				CLANG_WARN_NON_LITERAL_NULL_CONVERSION = YES;
				CLANG_WARN_OBJC_IMPLICIT_RETAIN_SELF = YES;
				CLANG_WARN_OBJC_LITERAL_CONVERSION = YES;
				CLANG_WARN_OBJC_ROOT_CLASS = YES_ERROR;
				CLANG_WARN_QUOTED_INCLUDE_IN_FRAMEWORK_HEADER = YES;
				CLANG_WARN_RANGE_LOOP_ANALYSIS = YES;
				CLANG_WARN_STRICT_PROTOTYPES = YES;
				CLANG_WARN_SUSPICIOUS_MOVE = YES;
				CLANG_WARN_UNGUARDED_AVAILABILITY = YES_AGGRESSIVE;
				CLANG_WARN_UNREACHABLE_CODE = YES;
				CLANG_WARN__DUPLICATE_METHOD_MATCH = YES;
				COPY_PHASE_STRIP = NO;
				DEBUG_INFORMATION_FORMAT = "dwarf-with-dsym";
				ENABLE_NS_ASSERTIONS = NO;
				ENABLE_STRICT_OBJC_MSGSEND = YES;
				ENABLE_USER_SCRIPT_SANDBOXING = YES;
				GCC_C_LANGUAGE_STANDARD = gnu17;
				GCC_NO_COMMON_BLOCKS = YES;
				GCC_WARN_64_TO_32_BIT_CONVERSION = YES;
				GCC_WARN_ABOUT_RETURN_TYPE = YES_ERROR;
				GCC_WARN_UNDECLARED_SELECTOR = YES;
				GCC_WARN_UNINITIALIZED_AUTOS = YES_AGGRESSIVE;
				GCC_WARN_UNUSED_FUNCTION = YES;
				GCC_WARN_UNUSED_VARIABLE = YES;
				LOCALIZATION_PREFERS_STRING_CATALOGS = YES;
				MTL_ENABLE_DEBUG_INFO = NO;
				MTL_FAST_MATH = YES;
				SDKROOT = appletvos;
				SWIFT_COMPILATION_MODE = wholemodule;
				TVOS_DEPLOYMENT_TARGET = 18.1;
				VALIDATE_PRODUCT = YES;
			};
			name = Release;
		};
		D68172332D1764E3000DFE84 /* Debug */ = {
			isa = XCBuildConfiguration;
			buildSettings = {
				ASSETCATALOG_COMPILER_APPICON_NAME = "App Icon & Top Shelf Image";
				ASSETCATALOG_COMPILER_GLOBAL_ACCENT_COLOR_NAME = AccentColor;
				CODE_SIGN_STYLE = Automatic;
				CURRENT_PROJECT_VERSION = 1;
				DEVELOPMENT_ASSET_PATHS = "\"ChristmasTV/Preview Content\"";
				DEVELOPMENT_TEAM = K6LJCT8RAA;
				ENABLE_PREVIEWS = YES;
				GENERATE_INFOPLIST_FILE = YES;
				INFOPLIST_KEY_UILaunchScreen_Generation = YES;
				INFOPLIST_KEY_UIUserInterfaceStyle = Automatic;
				LD_RUNPATH_SEARCH_PATHS = (
					"$(inherited)",
					"@executable_path/Frameworks",
				);
				MARKETING_VERSION = 1.0;
				PRODUCT_BUNDLE_IDENTIFIER = com.template.ChristmasTV;
				PRODUCT_NAME = "$(TARGET_NAME)";
				SWIFT_EMIT_LOC_STRINGS = YES;
				SWIFT_VERSION = 5.0;
				TARGETED_DEVICE_FAMILY = 3;
			};
			name = Debug;
		};
		D68172342D1764E3000DFE84 /* Release */ = {
			isa = XCBuildConfiguration;
			buildSettings = {
				ASSETCATALOG_COMPILER_APPICON_NAME = "App Icon & Top Shelf Image";
				ASSETCATALOG_COMPILER_GLOBAL_ACCENT_COLOR_NAME = AccentColor;
				CODE_SIGN_STYLE = Automatic;
				CURRENT_PROJECT_VERSION = 1;
				DEVELOPMENT_ASSET_PATHS = "\"ChristmasTV/Preview Content\"";
				DEVELOPMENT_TEAM = K6LJCT8RAA;
				ENABLE_PREVIEWS = YES;
				GENERATE_INFOPLIST_FILE = YES;
				INFOPLIST_KEY_UILaunchScreen_Generation = YES;
				INFOPLIST_KEY_UIUserInterfaceStyle = Automatic;
				LD_RUNPATH_SEARCH_PATHS = (
					"$(inherited)",
					"@executable_path/Frameworks",
				);
				MARKETING_VERSION = 1.0;
				PRODUCT_BUNDLE_IDENTIFIER = com.template.ChristmasTV;
				PRODUCT_NAME = "$(TARGET_NAME)";
				SWIFT_EMIT_LOC_STRINGS = YES;
				SWIFT_VERSION = 5.0;
				TARGETED_DEVICE_FAMILY = 3;
			};
			name = Release;
		};
		D68172362D1764E3000DFE84 /* Debug */ = {
			isa = XCBuildConfiguration;
			buildSettings = {
				BUNDLE_LOADER = "$(TEST_HOST)";
				CODE_SIGN_STYLE = Automatic;
				CURRENT_PROJECT_VERSION = 1;
				DEVELOPMENT_TEAM = K6LJCT8RAA;
				GENERATE_INFOPLIST_FILE = YES;
				MARKETING_VERSION = 1.0;
				PRODUCT_BUNDLE_IDENTIFIER = com.template.ChristmasTVTests;
				PRODUCT_NAME = "$(TARGET_NAME)";
				SWIFT_EMIT_LOC_STRINGS = NO;
				SWIFT_VERSION = 5.0;
				TARGETED_DEVICE_FAMILY = 3;
				TEST_HOST = "$(BUILT_PRODUCTS_DIR)/ChristmasTV.app/$(BUNDLE_EXECUTABLE_FOLDER_PATH)/ChristmasTV";
				TVOS_DEPLOYMENT_TARGET = 18.1;
			};
			name = Debug;
		};
		D68172372D1764E3000DFE84 /* Release */ = {
			isa = XCBuildConfiguration;
			buildSettings = {
				BUNDLE_LOADER = "$(TEST_HOST)";
				CODE_SIGN_STYLE = Automatic;
				CURRENT_PROJECT_VERSION = 1;
				DEVELOPMENT_TEAM = K6LJCT8RAA;
				GENERATE_INFOPLIST_FILE = YES;
				MARKETING_VERSION = 1.0;
				PRODUCT_BUNDLE_IDENTIFIER = com.template.ChristmasTVTests;
				PRODUCT_NAME = "$(TARGET_NAME)";
				SWIFT_EMIT_LOC_STRINGS = NO;
				SWIFT_VERSION = 5.0;
				TARGETED_DEVICE_FAMILY = 3;
				TEST_HOST = "$(BUILT_PRODUCTS_DIR)/ChristmasTV.app/$(BUNDLE_EXECUTABLE_FOLDER_PATH)/ChristmasTV";
				TVOS_DEPLOYMENT_TARGET = 18.1;
			};
			name = Release;
		};
		D68172392D1764E3000DFE84 /* Debug */ = {
			isa = XCBuildConfiguration;
			buildSettings = {
				CODE_SIGN_STYLE = Automatic;
				CURRENT_PROJECT_VERSION = 1;
				DEVELOPMENT_TEAM = K6LJCT8RAA;
				GENERATE_INFOPLIST_FILE = YES;
				MARKETING_VERSION = 1.0;
				PRODUCT_BUNDLE_IDENTIFIER = com.template.ChristmasTVUITests;
				PRODUCT_NAME = "$(TARGET_NAME)";
				SWIFT_EMIT_LOC_STRINGS = NO;
				SWIFT_VERSION = 5.0;
				TARGETED_DEVICE_FAMILY = 3;
				TEST_TARGET_NAME = ChristmasTV;
			};
			name = Debug;
		};
		D681723A2D1764E3000DFE84 /* Release */ = {
			isa = XCBuildConfiguration;
			buildSettings = {
				CODE_SIGN_STYLE = Automatic;
				CURRENT_PROJECT_VERSION = 1;
				DEVELOPMENT_TEAM = K6LJCT8RAA;
				GENERATE_INFOPLIST_FILE = YES;
				MARKETING_VERSION = 1.0;
				PRODUCT_BUNDLE_IDENTIFIER = com.template.ChristmasTVUITests;
				PRODUCT_NAME = "$(TARGET_NAME)";
				SWIFT_EMIT_LOC_STRINGS = NO;
				SWIFT_VERSION = 5.0;
				TARGETED_DEVICE_FAMILY = 3;
				TEST_TARGET_NAME = ChristmasTV;
			};
			name = Release;
		};
/* End XCBuildConfiguration section */

/* Begin XCConfigurationList section */
		D68172092D1764E1000DFE84 /* Build configuration list for PBXProject "ChristmasTV" */ = {
			isa = XCConfigurationList;
			buildConfigurations = (
				D68172302D1764E3000DFE84 /* Debug */,
				D68172312D1764E3000DFE84 /* Release */,
			);
			defaultConfigurationIsVisible = 0;
			defaultConfigurationName = Release;
		};
		D68172322D1764E3000DFE84 /* Build configuration list for PBXNativeTarget "ChristmasTV" */ = {
			isa = XCConfigurationList;
			buildConfigurations = (
				D68172332D1764E3000DFE84 /* Debug */,
				D68172342D1764E3000DFE84 /* Release */,
			);
			defaultConfigurationIsVisible = 0;
			defaultConfigurationName = Release;
		};
		D68172352D1764E3000DFE84 /* Build configuration list for PBXNativeTarget "ChristmasTVTests" */ = {
			isa = XCConfigurationList;
			buildConfigurations = (
				D68172362D1764E3000DFE84 /* Debug */,
				D68172372D1764E3000DFE84 /* Release */,
			);
			defaultConfigurationIsVisible = 0;
			defaultConfigurationName = Release;
		};
		D68172382D1764E3000DFE84 /* Build configuration list for PBXNativeTarget "ChristmasTVUITests" */ = {
			isa = XCConfigurationList;
			buildConfigurations = (
				D68172392D1764E3000DFE84 /* Debug */,
				D681723A2D1764E3000DFE84 /* Release */,
			);
			defaultConfigurationIsVisible = 0;
			defaultConfigurationName = Release;
		};
/* End XCConfigurationList section */
	};
	rootObject = D68172062D1764E1000DFE84 /* Project object */;
}
